
Microsoft Visual Studio Solution File, Format Version 12.00
# Visual Studio Version 17
VisualStudioVersion = 17.5.2.0
MinimumVisualStudioVersion = 10.0.40219.1
Project("{2150E333-8FDC-42A3-9474-1A3956D46DE8}") = "src", "src", "{827E0CD3-B72D-47B6-A68D-7590B98EB39B}"
EndProject
Project("{FAE04EC0-301F-11D3-BF4B-00C04F79EFBC}") = "Application262E15", "src\Application\Application262E15.csproj", "{E589ECEF-127F-21F7-A3C7-95742747AC4E}"
EndProject
Project("{FAE04EC0-301F-11D3-BF4B-00C04F79EFBC}") = "ConsoleApp262E15", "src\Console\ConsoleApp262E15.csproj", "{454ED518-8F02-E249-7304-0E4DAFAC6343}"
EndProject
Project("{2150E333-8FDC-42A3-9474-1A3956D46DE8}") = "test", "test", "{0C88DD14-F956-CE84-757C-A364CCF449FC}"
EndProject
Project("{FAE04EC0-301F-11D3-BF4B-00C04F79EFBC}") = "Application.UnitTest", "test\Application.UnitTest\Application.UnitTest.csproj", "{9D59918B-47EB-4871-85B0-CEBE9C5E1EA1}"
EndProject
Project("{2150E333-8FDC-42A3-9474-1A3956D46DE8}") = "Application", "Application", "{22BAF98C-8415-17C4-B26A-D537657BC863}"
EndProject
Project("{2150E333-8FDC-42A3-9474-1A3956D46DE8}") = "Web", "Web", "{03997797-E7F5-0643-168D-B8EA7178C2FE}"
EndProject
Project("{FAE04EC0-301F-11D3-BF4B-00C04F79EFBC}") = "WebApp262E15", "src\Web\WebApp262E15.csproj", "{65578841-6547-4557-9237-F1A84D5329CC}"
EndProject
Project("{FAE04EC0-301F-11D3-BF4B-00C04F79EFBC}") = "Application.IntegrationTest", "test\Application.IntegrationTest\Application.IntegrationTest.csproj", "{E7794E5A-35A9-4D74-80D0-DDEDB5C83B1D}"
EndProject
Project("{FAE04EC0-301F-11D3-BF4B-00C04F79EFBC}") = "WebApp.IntegrationTest", "test\WebApp.IntegrationTest\WebApp.IntegrationTest.csproj", "{5793B3A8-805A-44CF-A544-703034EDEC53}"
EndProject
Global
	GlobalSection(SolutionConfigurationPlatforms) = preSolution
		Debug|Any CPU = Debug|Any CPU
		Debug|x64 = Debug|x64
		Debug|x86 = Debug|x86
		Release|Any CPU = Release|Any CPU
		Release|x64 = Release|x64
		Release|x86 = Release|x86
	EndGlobalSection
	GlobalSection(ProjectConfigurationPlatforms) = postSolution
		{E589ECEF-127F-21F7-A3C7-95742747AC4E}.Debug|Any CPU.ActiveCfg = Debug|Any CPU
		{E589ECEF-127F-21F7-A3C7-95742747AC4E}.Debug|Any CPU.Build.0 = Debug|Any CPU
		{E589ECEF-127F-21F7-A3C7-95742747AC4E}.Debug|x64.ActiveCfg = Debug|Any CPU
		{E589ECEF-127F-21F7-A3C7-95742747AC4E}.Debug|x64.Build.0 = Debug|Any CPU
		{E589ECEF-127F-21F7-A3C7-95742747AC4E}.Debug|x86.ActiveCfg = Debug|Any CPU
		{E589ECEF-127F-21F7-A3C7-95742747AC4E}.Debug|x86.Build.0 = Debug|Any CPU
		{E589ECEF-127F-21F7-A3C7-95742747AC4E}.Release|Any CPU.ActiveCfg = Release|Any CPU
		{E589ECEF-127F-21F7-A3C7-95742747AC4E}.Release|Any CPU.Build.0 = Release|Any CPU
		{E589ECEF-127F-21F7-A3C7-95742747AC4E}.Release|x64.ActiveCfg = Release|Any CPU
		{E589ECEF-127F-21F7-A3C7-95742747AC4E}.Release|x64.Build.0 = Release|Any CPU
		{E589ECEF-127F-21F7-A3C7-95742747AC4E}.Release|x86.ActiveCfg = Release|Any CPU
		{E589ECEF-127F-21F7-A3C7-95742747AC4E}.Release|x86.Build.0 = Release|Any CPU
		{454ED518-8F02-E249-7304-0E4DAFAC6343}.Debug|Any CPU.ActiveCfg = Debug|Any CPU
		{454ED518-8F02-E249-7304-0E4DAFAC6343}.Debug|Any CPU.Build.0 = Debug|Any CPU
		{454ED518-8F02-E249-7304-0E4DAFAC6343}.Debug|x64.ActiveCfg = Debug|Any CPU
		{454ED518-8F02-E249-7304-0E4DAFAC6343}.Debug|x64.Build.0 = Debug|Any CPU
		{454ED518-8F02-E249-7304-0E4DAFAC6343}.Debug|x86.ActiveCfg = Debug|Any CPU
		{454ED518-8F02-E249-7304-0E4DAFAC6343}.Debug|x86.Build.0 = Debug|Any CPU
		{454ED518-8F02-E249-7304-0E4DAFAC6343}.Release|Any CPU.ActiveCfg = Release|Any CPU
		{454ED518-8F02-E249-7304-0E4DAFAC6343}.Release|Any CPU.Build.0 = Release|Any CPU
		{454ED518-8F02-E249-7304-0E4DAFAC6343}.Release|x64.ActiveCfg = Release|Any CPU
		{454ED518-8F02-E249-7304-0E4DAFAC6343}.Release|x64.Build.0 = Release|Any CPU
		{454ED518-8F02-E249-7304-0E4DAFAC6343}.Release|x86.ActiveCfg = Release|Any CPU
		{454ED518-8F02-E249-7304-0E4DAFAC6343}.Release|x86.Build.0 = Release|Any CPU
		{9D59918B-47EB-4871-85B0-CEBE9C5E1EA1}.Debug|Any CPU.ActiveCfg = Debug|Any CPU
		{9D59918B-47EB-4871-85B0-CEBE9C5E1EA1}.Debug|Any CPU.Build.0 = Debug|Any CPU
		{9D59918B-47EB-4871-85B0-CEBE9C5E1EA1}.Debug|x64.ActiveCfg = Debug|Any CPU
		{9D59918B-47EB-4871-85B0-CEBE9C5E1EA1}.Debug|x64.Build.0 = Debug|Any CPU
		{9D59918B-47EB-4871-85B0-CEBE9C5E1EA1}.Debug|x86.ActiveCfg = Debug|Any CPU
		{9D59918B-47EB-4871-85B0-CEBE9C5E1EA1}.Debug|x86.Build.0 = Debug|Any CPU
		{9D59918B-47EB-4871-85B0-CEBE9C5E1EA1}.Release|Any CPU.ActiveCfg = Release|Any CPU
		{9D59918B-47EB-4871-85B0-CEBE9C5E1EA1}.Release|Any CPU.Build.0 = Release|Any CPU
		{9D59918B-47EB-4871-85B0-CEBE9C5E1EA1}.Release|x64.ActiveCfg = Release|Any CPU
		{9D59918B-47EB-4871-85B0-CEBE9C5E1EA1}.Release|x64.Build.0 = Release|Any CPU
		{9D59918B-47EB-4871-85B0-CEBE9C5E1EA1}.Release|x86.ActiveCfg = Release|Any CPU
		{9D59918B-47EB-4871-85B0-CEBE9C5E1EA1}.Release|x86.Build.0 = Release|Any CPU
		{65578841-6547-4557-9237-F1A84D5329CC}.Debug|Any CPU.ActiveCfg = Debug|Any CPU
		{65578841-6547-4557-9237-F1A84D5329CC}.Debug|Any CPU.Build.0 = Debug|Any CPU
		{65578841-6547-4557-9237-F1A84D5329CC}.Debug|x64.ActiveCfg = Debug|Any CPU
		{65578841-6547-4557-9237-F1A84D5329CC}.Debug|x64.Build.0 = Debug|Any CPU
		{65578841-6547-4557-9237-F1A84D5329CC}.Debug|x86.ActiveCfg = Debug|Any CPU
		{65578841-6547-4557-9237-F1A84D5329CC}.Debug|x86.Build.0 = Debug|Any CPU
		{65578841-6547-4557-9237-F1A84D5329CC}.Release|Any CPU.ActiveCfg = Release|Any CPU
		{65578841-6547-4557-9237-F1A84D5329CC}.Release|Any CPU.Build.0 = Release|Any CPU
		{65578841-6547-4557-9237-F1A84D5329CC}.Release|x64.ActiveCfg = Release|Any CPU
		{65578841-6547-4557-9237-F1A84D5329CC}.Release|x64.Build.0 = Release|Any CPU
		{65578841-6547-4557-9237-F1A84D5329CC}.Release|x86.ActiveCfg = Release|Any CPU
		{65578841-6547-4557-9237-F1A84D5329CC}.Release|x86.Build.0 = Release|Any CPU
		{E7794E5A-35A9-4D74-80D0-DDEDB5C83B1D}.Debug|Any CPU.ActiveCfg = Debug|Any CPU
		{E7794E5A-35A9-4D74-80D0-DDEDB5C83B1D}.Debug|Any CPU.Build.0 = Debug|Any CPU
		{E7794E5A-35A9-4D74-80D0-DDEDB5C83B1D}.Debug|x64.ActiveCfg = Debug|Any CPU
		{E7794E5A-35A9-4D74-80D0-DDEDB5C83B1D}.Debug|x64.Build.0 = Debug|Any CPU
		{E7794E5A-35A9-4D74-80D0-DDEDB5C83B1D}.Debug|x86.ActiveCfg = Debug|Any CPU
		{E7794E5A-35A9-4D74-80D0-DDEDB5C83B1D}.Debug|x86.Build.0 = Debug|Any CPU
		{E7794E5A-35A9-4D74-80D0-DDEDB5C83B1D}.Release|Any CPU.ActiveCfg = Release|Any CPU
		{E7794E5A-35A9-4D74-80D0-DDEDB5C83B1D}.Release|Any CPU.Build.0 = Release|Any CPU
		{E7794E5A-35A9-4D74-80D0-DDEDB5C83B1D}.Release|x64.ActiveCfg = Release|Any CPU
		{E7794E5A-35A9-4D74-80D0-DDEDB5C83B1D}.Release|x64.Build.0 = Release|Any CPU
		{E7794E5A-35A9-4D74-80D0-DDEDB5C83B1D}.Release|x86.ActiveCfg = Release|Any CPU
		{E7794E5A-35A9-4D74-80D0-DDEDB5C83B1D}.Release|x86.Build.0 = Release|Any CPU
		{5793B3A8-805A-44CF-A544-703034EDEC53}.Debug|Any CPU.ActiveCfg = Debug|Any CPU
		{5793B3A8-805A-44CF-A544-703034EDEC53}.Debug|Any CPU.Build.0 = Debug|Any CPU
		{5793B3A8-805A-44CF-A544-703034EDEC53}.Debug|x64.ActiveCfg = Debug|Any CPU
		{5793B3A8-805A-44CF-A544-703034EDEC53}.Debug|x64.Build.0 = Debug|Any CPU
		{5793B3A8-805A-44CF-A544-703034EDEC53}.Debug|x86.ActiveCfg = Debug|Any CPU
		{5793B3A8-805A-44CF-A544-703034EDEC53}.Debug|x86.Build.0 = Debug|Any CPU
		{5793B3A8-805A-44CF-A544-703034EDEC53}.Release|Any CPU.ActiveCfg = Release|Any CPU
		{5793B3A8-805A-44CF-A544-703034EDEC53}.Release|Any CPU.Build.0 = Release|Any CPU
		{5793B3A8-805A-44CF-A544-703034EDEC53}.Release|x64.ActiveCfg = Release|Any CPU
		{5793B3A8-805A-44CF-A544-703034EDEC53}.Release|x64.Build.0 = Release|Any CPU
		{5793B3A8-805A-44CF-A544-703034EDEC53}.Release|x86.ActiveCfg = Release|Any CPU
		{5793B3A8-805A-44CF-A544-703034EDEC53}.Release|x86.Build.0 = Release|Any CPU
	EndGlobalSection
	GlobalSection(SolutionProperties) = preSolution
		HideSolutionNode = FALSE
	EndGlobalSection
	GlobalSection(NestedProjects) = preSolution
		{E589ECEF-127F-21F7-A3C7-95742747AC4E} = {827E0CD3-B72D-47B6-A68D-7590B98EB39B}
		{454ED518-8F02-E249-7304-0E4DAFAC6343} = {827E0CD3-B72D-47B6-A68D-7590B98EB39B}
		{9D59918B-47EB-4871-85B0-CEBE9C5E1EA1} = {0C88DD14-F956-CE84-757C-A364CCF449FC}
		{22BAF98C-8415-17C4-B26A-D537657BC863} = {827E0CD3-B72D-47B6-A68D-7590B98EB39B}
		{03997797-E7F5-0643-168D-B8EA7178C2FE} = {827E0CD3-B72D-47B6-A68D-7590B98EB39B}
		{65578841-6547-4557-9237-F1A84D5329CC} = {03997797-E7F5-0643-168D-B8EA7178C2FE}
		{E7794E5A-35A9-4D74-80D0-DDEDB5C83B1D} = {0C88DD14-F956-CE84-757C-A364CCF449FC}
		{5793B3A8-805A-44CF-A544-703034EDEC53} = {0C88DD14-F956-CE84-757C-A364CCF449FC}
	EndGlobalSection
	GlobalSection(ExtensibilityGlobals) = postSolution
		SolutionGuid = {CF0DD4F8-549F-476B-99A4-2B9A23A6D635}
	EndGlobalSection
EndGlobal
